
Microsoft Visual Studio Solution File, Format Version 12.00
# Visual Studio Version 17
VisualStudioVersion = 17.6.33723.286
MinimumVisualStudioVersion = 10.0.40219.1
Project("{2150E333-8FDC-42A3-9474-1A3956D46DE8}") = "Services", "Services", "{7B2D95A5-B859-405A-81FC-F564D085E3E3}"
EndProject
Project("{2150E333-8FDC-42A3-9474-1A3956D46DE8}") = "Utilities", "Utilities", "{33BF1B61-D21E-4534-AE85-F5BED8F2F5CC}"
EndProject
Project("{2150E333-8FDC-42A3-9474-1A3956D46DE8}") = "Data", "Data", "{8A6FFF7C-07F8-4219-8761-1F89EE5BBA6D}"
EndProject
Project("{FAE04EC0-301F-11D3-BF4B-00C04F79EFBC}") = "PMTDataAccess", "Data\PMTDataAccess\PMTDataAccess.csproj", "{91EB87C2-01D1-4DBE-BC44-9E562A2C6298}"
EndProject
Project("{FAE04EC0-301F-11D3-BF4B-00C04F79EFBC}") = "EventBus.Messages", "Utilities\EventBus.Messages\EventBus.Messages.csproj", "{6FE3A914-7BAE-4B44-9E63-20BD41788E14}"
EndProject
Project("{FAE04EC0-301F-11D3-BF4B-00C04F79EFBC}") = "Manager.API", "Services\Manager.API\Manager.API.csproj", "{FA39271F-EC07-461A-B442-2CAA7DB76DF5}"
EndProject
Global
	GlobalSection(SolutionConfigurationPlatforms) = preSolution
		Debug|Any CPU = Debug|Any CPU
		Release|Any CPU = Release|Any CPU
	EndGlobalSection
	GlobalSection(ProjectConfigurationPlatforms) = postSolution
		{91EB87C2-01D1-4DBE-BC44-9E562A2C6298}.Debug|Any CPU.ActiveCfg = Debug|Any CPU
		{91EB87C2-01D1-4DBE-BC44-9E562A2C6298}.Debug|Any CPU.Build.0 = Debug|Any CPU
		{91EB87C2-01D1-4DBE-BC44-9E562A2C6298}.Release|Any CPU.ActiveCfg = Release|Any CPU
		{91EB87C2-01D1-4DBE-BC44-9E562A2C6298}.Release|Any CPU.Build.0 = Release|Any CPU
		{6FE3A914-7BAE-4B44-9E63-20BD41788E14}.Debug|Any CPU.ActiveCfg = Debug|Any CPU
		{6FE3A914-7BAE-4B44-9E63-20BD41788E14}.Debug|Any CPU.Build.0 = Debug|Any CPU
		{6FE3A914-7BAE-4B44-9E63-20BD41788E14}.Release|Any CPU.ActiveCfg = Release|Any CPU
		{6FE3A914-7BAE-4B44-9E63-20BD41788E14}.Release|Any CPU.Build.0 = Release|Any CPU
		{FA39271F-EC07-461A-B442-2CAA7DB76DF5}.Debug|Any CPU.ActiveCfg = Debug|Any CPU
		{FA39271F-EC07-461A-B442-2CAA7DB76DF5}.Debug|Any CPU.Build.0 = Debug|Any CPU
		{FA39271F-EC07-461A-B442-2CAA7DB76DF5}.Release|Any CPU.ActiveCfg = Release|Any CPU
		{FA39271F-EC07-461A-B442-2CAA7DB76DF5}.Release|Any CPU.Build.0 = Release|Any CPU
	EndGlobalSection
	GlobalSection(SolutionProperties) = preSolution
		HideSolutionNode = FALSE
	EndGlobalSection
	GlobalSection(NestedProjects) = preSolution
		{91EB87C2-01D1-4DBE-BC44-9E562A2C6298} = {8A6FFF7C-07F8-4219-8761-1F89EE5BBA6D}
		{6FE3A914-7BAE-4B44-9E63-20BD41788E14} = {33BF1B61-D21E-4534-AE85-F5BED8F2F5CC}
		{FA39271F-EC07-461A-B442-2CAA7DB76DF5} = {7B2D95A5-B859-405A-81FC-F564D085E3E3}
	EndGlobalSection
	GlobalSection(ExtensibilityGlobals) = postSolution
		SolutionGuid = {7CBA81EF-E854-4072-9616-4E1CD53C5E61}
	EndGlobalSection
EndGlobal
